{
  "version": 4,
  "terraform_version": "1.14.5",
  "serial": 53,
  "lineage": "93fda5b6-008a-56d5-e534-faf88c362db6",
  "outputs": {
    "ACCESS_YOUR_JENKINS_HERE": {
      "value": "http://3.110.225.22:8080",
      "type": "string"
    },
    "Jenkins_Initial_Password": {
      "value": "sudo cat /var/lib/jenkins/secrets/initialAdminPassword",
      "type": "string"
    },
    "MASTER_SERVER_PRIVATE_IP": {
      "value": "172.31.35.5",
      "type": "string"
    },
    "MASTER_SERVER_PUBLIC_IP": {
      "value": "3.110.225.22",
      "type": "string"
    }
  },
  "resources": [
    {
      "mode": "data",
      "type": "aws_ami",
      "name": "amazon_linux",
      "provider": "provider[\"registry.terraform.io/hashicorp/aws\"]",
      "instances": [
        {
          "schema_version": 0,
          "attributes": {
            "allow_unsafe_filter": null,
            "architecture": "x86_64",
            "arn": "arn:aws:ec2:ap-south-1::image/ami-0a94eb1103aafa5b5",
            "block_device_mappings": [
              {
                "device_name": "/dev/xvda",
                "ebs": {
                  "delete_on_termination": "true",
                  "encrypted": "false",
                  "iops": "3000",
                  "snapshot_id": "snap-0e86e60f2a852bfe9",
                  "throughput": "125",
                  "volume_initialization_rate": "0",
                  "volume_size": "30",
                  "volume_type": "gp3"
                },
                "no_device": "",
                "virtual_name": ""
              }
            ],
            "boot_mode": "uefi-preferred",
            "creation_date": "2026-04-24T22:07:34.000Z",
            "deprecation_time": "2028-04-24T22:07:34.000Z",
            "description": "Amazon Linux AMI 2023.0.20260424 x86_64 ECS HVM EBS",
            "ena_support": true,
            "executable_users": null,
            "filter": [
              {
                "name": "name",
                "values": [
                  "al2023-ami-*-x86_64"
                ]
              }
            ],
            "hypervisor": "xen",
            "id": "ami-0a94eb1103aafa5b5",
            "image_id": "ami-0a94eb1103aafa5b5",
            "image_location": "amazon/al2023-ami-ecs-hvm-2023.0.20260424-kernel-6.1-x86_64",
            "image_owner_alias": "amazon",
            "image_type": "machine",
            "imds_support": "v2.0",
            "include_deprecated": false,
            "kernel_id": "",
            "last_launched_time": "",
            "most_recent": true,
            "name": "al2023-ami-ecs-hvm-2023.0.20260424-kernel-6.1-x86_64",
            "name_regex": null,
            "owner_id": "591542846629",
            "owners": [
              "amazon"
            ],
            "platform": "",
            "platform_details": "Linux/UNIX",
            "product_codes": [],
            "public": true,
            "ramdisk_id": "",
            "region": "ap-south-1",
            "root_device_name": "/dev/xvda",
            "root_device_type": "ebs",
            "root_snapshot_id": "snap-0e86e60f2a852bfe9",
            "sriov_net_support": "simple",
            "state": "available",
            "state_reason": {
              "code": "UNSET",
              "message": "UNSET"
            },
            "tags": {},
            "timeouts": null,
            "tpm_support": "",
            "uefi_data": null,
            "usage_operation": "RunInstances",
            "virtualization_type": "hvm"
          },
          "sensitive_attributes": [],
          "identity_schema_version": 0
        }
      ]
    },
    {
      "mode": "data",
      "type": "aws_availability_zones",
      "name": "azs",
      "provider": "provider[\"registry.terraform.io/hashicorp/aws\"]",
      "instances": [
        {
          "schema_version": 0,
          "attributes": {
            "all_availability_zones": null,
            "exclude_names": null,
            "exclude_zone_ids": null,
            "filter": null,
            "group_names": [
              "ap-south-1-zg-1"
            ],
            "id": "ap-south-1",
            "names": [
              "ap-south-1a",
              "ap-south-1b",
              "ap-south-1c"
            ],
            "region": "ap-south-1",
            "state": "available",
            "timeouts": null,
            "zone_ids": [
              "aps1-az1",
              "aps1-az3",
              "aps1-az2"
            ]
          },
          "sensitive_attributes": [],
          "identity_schema_version": 0
        }
      ]
    },
    {
      "module": "module.ec2_instance",
      "mode": "data",
      "type": "aws_partition",
      "name": "current",
      "provider": "provider[\"registry.terraform.io/hashicorp/aws\"]",
      "instances": [
        {
          "schema_version": 0,
          "attributes": {
            "dns_suffix": "amazonaws.com",
            "id": "aws",
            "partition": "aws",
            "reverse_dns_prefix": "com.amazonaws"
          },
          "sensitive_attributes": [],
          "identity_schema_version": 0
        }
      ]
    },
    {
      "module": "module.ec2_instance",
      "mode": "data",
      "type": "aws_ssm_parameter",
      "name": "this",
      "provider": "provider[\"registry.terraform.io/hashicorp/aws\"]",
      "instances": [
        {
          "schema_version": 0,
          "attributes": {
            "arn": "arn:aws:ssm:ap-south-1::parameter/aws/service/ami-amazon-linux-latest/al2023-ami-kernel-default-x86_64",
            "id": "/aws/service/ami-amazon-linux-latest/al2023-ami-kernel-default-x86_64",
            "insecure_value": "ami-0e12ffc2dd465f6e4",
            "name": "/aws/service/ami-amazon-linux-latest/al2023-ami-kernel-default-x86_64",
            "region": "ap-south-1",
            "type": "String",
            "value": "ami-0e12ffc2dd465f6e4",
            "version": 160,
            "with_decryption": true
          },
          "sensitive_attributes": [
            [
              {
                "type": "get_attr",
                "value": "value"
              }
            ]
          ],
          "identity_schema_version": 0
        }
      ]
    },
    {
      "module": "module.ec2_instance",
      "mode": "managed",
      "type": "aws_instance",
      "name": "this",
      "provider": "provider[\"registry.terraform.io/hashicorp/aws\"]",
      "instances": [
        {
          "index_key": 0,
          "schema_version": 2,
          "attributes": {
            "ami": "ami-0a94eb1103aafa5b5",
            "arn": "arn:aws:ec2:ap-south-1:900881668526:instance/i-0903caf3a7e48c9fa",
            "associate_public_ip_address": true,
            "availability_zone": "ap-south-1a",
            "capacity_reservation_specification": [
              {
                "capacity_reservation_preference": "open",
                "capacity_reservation_target": []
              }
            ],
            "cpu_options": [
              {
                "amd_sev_snp": "",
                "core_count": 1,
                "nested_virtualization": "",
                "threads_per_core": 2
              }
            ],
            "credit_specification": [
              {
                "cpu_credits": "unlimited"
              }
            ],
            "disable_api_stop": false,
            "disable_api_termination": false,
            "ebs_block_device": [],
            "ebs_optimized": false,
            "enable_primary_ipv6": null,
            "enclave_options": [
              {
                "enabled": false
              }
            ],
            "ephemeral_block_device": [],
            "force_destroy": false,
            "get_password_data": false,
            "hibernation": false,
            "host_id": "",
            "host_resource_group_arn": null,
            "iam_instance_profile": "",
            "id": "i-0903caf3a7e48c9fa",
            "instance_initiated_shutdown_behavior": "stop",
            "instance_lifecycle": "",
            "instance_market_options": [],
            "instance_state": "running",
            "instance_type": "t3.small",
            "ipv6_address_count": 0,
            "ipv6_addresses": [],
            "key_name": "mykey",
            "launch_template": [],
            "maintenance_options": [
              {
                "auto_recovery": "default"
              }
            ],
            "metadata_options": [
              {
                "http_endpoint": "enabled",
                "http_protocol_ipv6": "disabled",
                "http_put_response_hop_limit": 1,
                "http_tokens": "required",
                "instance_metadata_tags": "disabled"
              }
            ],
            "monitoring": true,
            "network_interface": [],
            "outpost_arn": "",
            "password_data": "",
            "placement_group": "",
            "placement_group_id": "",
            "placement_partition_number": 0,
            "primary_network_interface": [
              {
                "delete_on_termination": true,
                "network_interface_id": "eni-08bae8a849003263c"
              }
            ],
            "primary_network_interface_id": "eni-08bae8a849003263c",
            "private_dns": "ip-172-31-35-5.ap-south-1.compute.internal",
            "private_dns_name_options": [
              {
                "enable_resource_name_dns_a_record": false,
                "enable_resource_name_dns_aaaa_record": false,
                "hostname_type": "ip-name"
              }
            ],
            "private_ip": "172.31.35.5",
            "public_dns": "ec2-3-110-225-22.ap-south-1.compute.amazonaws.com",
            "public_ip": "3.110.225.22",
            "region": "ap-south-1",
            "root_block_device": [
              {
                "delete_on_termination": true,
                "device_name": "/dev/xvda",
                "encrypted": false,
                "iops": 3000,
                "kms_key_id": "",
                "tags": {},
                "tags_all": {},
                "throughput": 125,
                "volume_id": "vol-0c493d0f028ea0bac",
                "volume_size": 30,
                "volume_type": "gp3"
              }
            ],
            "secondary_network_interface": [],
            "secondary_private_ips": [],
            "security_groups": [
              "my-security-group1-20260430154745079200000001"
            ],
            "source_dest_check": true,
            "spot_instance_request_id": "",
            "subnet_id": "subnet-0fefade166e2ee006",
            "tags": {
              "Environment": "dev",
              "Name": "main-ec2",
              "Terraform": "true",
              "name": "Master-Server"
            },
            "tags_all": {
              "Environment": "dev",
              "Name": "main-ec2",
              "Terraform": "true",
              "name": "Master-Server"
            },
            "tenancy": "default",
            "timeouts": null,
            "user_data": "#!/bin/bash\nset -euxo pipefail\n\n# Update system\nyum update -y\n\n# Install base tools\nyum install -y wget git unzip tar yum-utils fontconfig\n\n# Install Java (recommended on AWS)\nyum install -y java-21-amazon-corretto\n\n# Verify Java\njava -version\n\n# Add Jenkins repo\nwget -O /etc/yum.repos.d/jenkins.repo \\\nhttps://pkg.jenkins.io/rpm-stable/jenkins.repo\n\nrpm --import https://pkg.jenkins.io/redhat-stable/jenkins.io-2023.key\n\n# Install Jenkins\nyum install -y jenkins\n\n# Ensure JAVA_HOME for Jenkins\nmkdir -p /etc/systemd/system/jenkins.service.d\n\ncat \u003e /etc/systemd/system/jenkins.service.d/override.conf \u003c\u003cEOF\n[Service]\nEnvironment=\"JAVA_HOME=/usr/lib/jvm/java-21-amazon-corretto\"\nEOF\n\n# Reload systemd and start Jenkins\nsystemctl daemon-reload\nsystemctl enable jenkins\nsystemctl restart jenkins\n\n# Install Git\nsudo yum install git -y\n\n# Install Terraform\nyum install -y yum-utils\nyum-config-manager --add-repo \\\nhttps://rpm.releases.hashicorp.com/AmazonLinux/hashicorp.repo\n\nyum install -y terraform\n\n# Install Maven\nyum install -y maven\n\n# Install Docker\nyum install -y docker\nsystemctl enable docker\nsystemctl start docker\n# Add ec2-user to docker group\nusermod -aG docker ec2-user\n\n# Add Jenkins user to Docker group\nusermod -aG docker jenkins\n\n# Restart docker and Jenkins\nsystemctl restart docker\nsystemctl restart jenkins\n\nyum install -y trivy\n\n# Install Ansible\nyum install -y ansible\n\n# Show versions\nterraform version\njava version\nmvn version\ndocker version\nsystemctl status jenkins --no-pager\ntrivy version\nansible version\n\n# Install kubectl\ncurl -LO https://dl.k8s.io/release/v1.30.0/bin/linux/amd64/kubectl\nchmod +x kubectl\nmv kubectl /usr/local/bin/\n\n\n\n\n\n\n\n#set -e\n\n# Log user-data output\n#exec \u003e /var/log/user-data.log 2\u003e\u00261\n\n#echo \"Starting server configuration...\"\n\n# Wait for network / cloud-init completion\n#sleep 30\n\n# Update packages\n#dnf update -y\n\n# Install base tools\n#dnf install -y git wget curl unzip tar\n\n# Install Java 17\n#dnf install -y java-17-amazon-corretto\n\n# Install Maven\n#dnf install -y maven\n\n# Install Docker\n#dnf install -y docker\n#systemctl enable docker\n#systemctl start docker\n\n# Add ec2-user to docker group\n#usermod -aG docker ec2-user\n\n# Jenkins repo\n#wget -O /etc/yum.repos.d/jenkins.repo \\\n#https://pkg.jenkins.io/redhat-stable/jenkins.repo\n\n#rpm --import https://pkg.jenkins.io/redhat-stable/jenkins.io-2023.key\n\n# Install Jenkins\n#dnf install -y jenkins\n#systemctl enable jenkins\n#systemctl start jenkins\n\n# Add Jenkins user to Docker group\n#usermod -aG docker jenkins\n\n# Restart docker and Jenkins\n#systemctl restart docker\n#systemctl restart jenkins\n\n# Install Trivy (latest repo method)\n#cat \u003c\u003cEOF \u003e /etc/yum.repos.d/trivy.repo\n#[trivy]\n#name=Trivy repository\n#baseurl=https://aquasecurity.github.io/trivy-repo/rpm/releases/\\$basearch/\n#gpgcheck=0\n#enabled=1\n#EOF\n\n#dnf install -y trivy\n\n# Install Ansible\n#dnf install -y ansible\n\n# Show versions\n#java -version\n#mvn -version\n#docker --version\n#jenkins --version || true\n#trivy --version\n#ansible --version\n\n#echo \"Installation completed successfully.\"",
            "user_data_base64": null,
            "user_data_replace_on_change": false,
            "volume_tags": {
              "Environment": "dev",
              "Name": "main-ec2",
              "Terraform": "true",
              "name": "Master-Server"
            },
            "vpc_security_group_ids": [
              "sg-0725b24d7acbbeb2d"
            ]
          },
          "sensitive_attributes": [],
          "identity_schema_version": 0,
          "identity": {
            "account_id": "900881668526",
            "id": "i-0903caf3a7e48c9fa",
            "region": "ap-south-1"
          },
          "private": "eyJlMmJmYjczMC1lY2FhLTExZTYtOGY4OC0zNDM2M2JjN2M0YzAiOnsiY3JlYXRlIjo2MDAwMDAwMDAwMDAsImRlbGV0ZSI6MTIwMDAwMDAwMDAwMCwicmVhZCI6OTAwMDAwMDAwMDAwLCJ1cGRhdGUiOjYwMDAwMDAwMDAwMH0sInNjaGVtYV92ZXJzaW9uIjoiMiJ9",
          "dependencies": [
            "data.aws_ami.amazon_linux",
            "data.aws_availability_zones.azs",
            "module.ec2_instance.aws_iam_instance_profile.this",
            "module.ec2_instance.aws_iam_role.this",
            "module.ec2_instance.aws_security_group.this",
            "module.ec2_instance.data.aws_iam_policy_document.assume_role_policy",
            "module.ec2_instance.data.aws_partition.current",
            "module.ec2_instance.data.aws_ssm_parameter.this",
            "module.ec2_instance.data.aws_subnet.this",
            "module.sg.aws_security_group.this",
            "module.sg.aws_security_group.this_name_prefix"
          ]
        }
      ]
    },
    {
      "module": "module.sg",
      "mode": "managed",
      "type": "aws_security_group",
      "name": "this_name_prefix",
      "provider": "provider[\"registry.terraform.io/hashicorp/aws\"]",
      "instances": [
        {
          "index_key": 0,
          "schema_version": 1,
          "attributes": {
            "arn": "arn:aws:ec2:ap-south-1:900881668526:security-group/sg-0725b24d7acbbeb2d",
            "description": "Allow SSH, HTTP, HTTPS, 8080 for Jenkins \u0026 Maven",
            "egress": [],
            "id": "sg-0725b24d7acbbeb2d",
            "ingress": [],
            "name": "my-security-group1-20260430154745079200000001",
            "name_prefix": "my-security-group1-",
            "owner_id": "900881668526",
            "region": "ap-south-1",
            "revoke_rules_on_delete": false,
            "tags": {
              "Name": "my-security-group1",
              "name": "jenkins-sg"
            },
            "tags_all": {
              "Name": "my-security-group1",
              "name": "jenkins-sg"
            },
            "timeouts": {
              "create": "10m",
              "delete": "15m"
            },
            "vpc_id": "vpc-000ece51b0dde2d04"
          },
          "sensitive_attributes": [],
          "identity_schema_version": 0,
          "identity": {
            "account_id": "900881668526",
            "id": "sg-0725b24d7acbbeb2d",
            "region": "ap-south-1"
          },
          "private": "eyJlMmJmYjczMC1lY2FhLTExZTYtOGY4OC0zNDM2M2JjN2M0YzAiOnsiY3JlYXRlIjo2MDAwMDAwMDAwMDAsImRlbGV0ZSI6OTAwMDAwMDAwMDAwfSwic2NoZW1hX3ZlcnNpb24iOiIxIn0=",
          "create_before_destroy": true
        }
      ]
    },
    {
      "module": "module.sg",
      "mode": "managed",
      "type": "aws_security_group_rule",
      "name": "egress_with_cidr_blocks",
      "provider": "provider[\"registry.terraform.io/hashicorp/aws\"]",
      "instances": [
        {
          "index_key": 0,
          "schema_version": 2,
          "attributes": {
            "cidr_blocks": [
              "0.0.0.0/0"
            ],
            "description": "Egress Rule",
            "from_port": 0,
            "id": "sgrule-894235588",
            "ipv6_cidr_blocks": null,
            "prefix_list_ids": null,
            "protocol": "-1",
            "region": "ap-south-1",
            "security_group_id": "sg-0725b24d7acbbeb2d",
            "security_group_rule_id": "sgr-02a32a7291b66ddf8",
            "self": false,
            "source_security_group_id": null,
            "timeouts": null,
            "to_port": 0,
            "type": "egress"
          },
          "sensitive_attributes": [],
          "identity_schema_version": 0,
          "private": "eyJlMmJmYjczMC1lY2FhLTExZTYtOGY4OC0zNDM2M2JjN2M0YzAiOnsiY3JlYXRlIjozMDAwMDAwMDAwMDB9LCJzY2hlbWFfdmVyc2lvbiI6IjIifQ==",
          "dependencies": [
            "module.sg.aws_security_group.this",
            "module.sg.aws_security_group.this_name_prefix"
          ]
        }
      ]
    },
    {
      "module": "module.sg",
      "mode": "managed",
      "type": "aws_security_group_rule",
      "name": "ingress_with_cidr_blocks",
      "provider": "provider[\"registry.terraform.io/hashicorp/aws\"]",
      "instances": [
        {
          "index_key": 0,
          "schema_version": 2,
          "attributes": {
            "cidr_blocks": [
              "0.0.0.0/0"
            ],
            "description": "Jenkins",
            "from_port": 8080,
            "id": "sgrule-3969849728",
            "ipv6_cidr_blocks": null,
            "prefix_list_ids": null,
            "protocol": "tcp",
            "region": "ap-south-1",
            "security_group_id": "sg-0725b24d7acbbeb2d",
            "security_group_rule_id": "sgr-0450f9ba5010ceb57",
            "self": false,
            "source_security_group_id": null,
            "timeouts": null,
            "to_port": 8080,
            "type": "ingress"
          },
          "sensitive_attributes": [],
          "identity_schema_version": 0,
          "private": "eyJlMmJmYjczMC1lY2FhLTExZTYtOGY4OC0zNDM2M2JjN2M0YzAiOnsiY3JlYXRlIjozMDAwMDAwMDAwMDB9LCJzY2hlbWFfdmVyc2lvbiI6IjIifQ==",
          "dependencies": [
            "module.sg.aws_security_group.this",
            "module.sg.aws_security_group.this_name_prefix"
          ]
        },
        {
          "index_key": 1,
          "schema_version": 2,
          "attributes": {
            "cidr_blocks": [
              "0.0.0.0/0"
            ],
            "description": "SSH",
            "from_port": 22,
            "id": "sgrule-4150824422",
            "ipv6_cidr_blocks": null,
            "prefix_list_ids": null,
            "protocol": "tcp",
            "region": "ap-south-1",
            "security_group_id": "sg-0725b24d7acbbeb2d",
            "security_group_rule_id": "sgr-03a2e20eaa936bae9",
            "self": false,
            "source_security_group_id": null,
            "timeouts": null,
            "to_port": 22,
            "type": "ingress"
          },
          "sensitive_attributes": [],
          "identity_schema_version": 0,
          "private": "eyJlMmJmYjczMC1lY2FhLTExZTYtOGY4OC0zNDM2M2JjN2M0YzAiOnsiY3JlYXRlIjozMDAwMDAwMDAwMDB9LCJzY2hlbWFfdmVyc2lvbiI6IjIifQ==",
          "dependencies": [
            "module.sg.aws_security_group.this",
            "module.sg.aws_security_group.this_name_prefix"
          ]
        },
        {
          "index_key": 2,
          "schema_version": 2,
          "attributes": {
            "cidr_blocks": [
              "0.0.0.0/0"
            ],
            "description": "HTTPS",
            "from_port": 443,
            "id": "sgrule-2976317267",
            "ipv6_cidr_blocks": null,
            "prefix_list_ids": null,
            "protocol": "tcp",
            "region": "ap-south-1",
            "security_group_id": "sg-0725b24d7acbbeb2d",
            "security_group_rule_id": "sgr-045e7c0971bd618c9",
            "self": false,
            "source_security_group_id": null,
            "timeouts": null,
            "to_port": 443,
            "type": "ingress"
          },
          "sensitive_attributes": [],
          "identity_schema_version": 0,
          "private": "eyJlMmJmYjczMC1lY2FhLTExZTYtOGY4OC0zNDM2M2JjN2M0YzAiOnsiY3JlYXRlIjozMDAwMDAwMDAwMDB9LCJzY2hlbWFfdmVyc2lvbiI6IjIifQ==",
          "dependencies": [
            "module.sg.aws_security_group.this",
            "module.sg.aws_security_group.this_name_prefix"
          ]
        },
        {
          "index_key": 3,
          "schema_version": 2,
          "attributes": {
            "cidr_blocks": [
              "0.0.0.0/0"
            ],
            "description": "HTTP",
            "from_port": 80,
            "id": "sgrule-1105383507",
            "ipv6_cidr_blocks": null,
            "prefix_list_ids": null,
            "protocol": "tcp",
            "region": "ap-south-1",
            "security_group_id": "sg-0725b24d7acbbeb2d",
            "security_group_rule_id": "sgr-013af963644d36948",
            "self": false,
            "source_security_group_id": null,
            "timeouts": null,
            "to_port": 80,
            "type": "ingress"
          },
          "sensitive_attributes": [],
          "identity_schema_version": 0,
          "private": "eyJlMmJmYjczMC1lY2FhLTExZTYtOGY4OC0zNDM2M2JjN2M0YzAiOnsiY3JlYXRlIjozMDAwMDAwMDAwMDB9LCJzY2hlbWFfdmVyc2lvbiI6IjIifQ==",
          "dependencies": [
            "module.sg.aws_security_group.this",
            "module.sg.aws_security_group.this_name_prefix"
          ]
        },
        {
          "index_key": 4,
          "schema_version": 2,
          "attributes": {
            "cidr_blocks": [
              "0.0.0.0/0"
            ],
            "description": "SonarQube",
            "from_port": 8081,
            "id": "sgrule-247309699",
            "ipv6_cidr_blocks": null,
            "prefix_list_ids": null,
            "protocol": "tcp",
            "region": "ap-south-1",
            "security_group_id": "sg-0725b24d7acbbeb2d",
            "security_group_rule_id": "sgr-0aa72abbe7ad20c6e",
            "self": false,
            "source_security_group_id": null,
            "timeouts": null,
            "to_port": 8081,
            "type": "ingress"
          },
          "sensitive_attributes": [],
          "identity_schema_version": 0,
          "private": "eyJlMmJmYjczMC1lY2FhLTExZTYtOGY4OC0zNDM2M2JjN2M0YzAiOnsiY3JlYXRlIjozMDAwMDAwMDAwMDB9LCJzY2hlbWFfdmVyc2lvbiI6IjIifQ==",
          "dependencies": [
            "module.sg.aws_security_group.this",
            "module.sg.aws_security_group.this_name_prefix"
          ]
        }
      ]
    }
  ],
  "check_results": null
}
